Microsoft Visual Studio Solution File, Format Version 12.00
# Visual Studio Version 17
VisualStudioVersion = 17.5.2.0
MinimumVisualStudioVersion = 10.0.40219.1
Project("{FAE04EC0-301F-11D3-BF4B-00C04F79EFBC}") = "lndev-flix", "lndev-flix.csproj", "{7B8ADB07-684A-63CC-DEC0-5EC5AD1F5095}"
EndProject
Global
	GlobalSection(SolutionConfigurationPlatforms) = preSolution
		Debug|Any CPU = Debug|Any CPU
		Release|Any CPU = Release|Any CPU
	EndGlobalSection
	GlobalSection(ProjectConfigurationPlatforms) = postSolution
		{7B8ADB07-684A-63CC-DEC0-5EC5AD1F5095}.Debug|Any CPU.ActiveCfg = Debug|Any CPU
		{7B8ADB07-684A-63CC-DEC0-5EC5AD1F5095}.Debug|Any CPU.Build.0 = Debug|Any CPU
		{7B8ADB07-684A-63CC-DEC0-5EC5AD1F5095}.Release|Any CPU.ActiveCfg = Release|Any CPU
		{7B8ADB07-684A-63CC-DEC0-5EC5AD1F5095}.Release|Any CPU.Build.0 = Release|Any CPU
	EndGlobalSection
	GlobalSection(SolutionProperties) = preSolution
		HideSolutionNode = FALSE
	EndGlobalSection
	GlobalSection(ExtensibilityGlobals) = postSolution
		SolutionGuid = {45A7DC85-D57C-4FC6-BFC4-676E4BBD23D9}
	EndGlobalSection
EndGlobal
